# THIS IS AN AUTOGENERATED FILE. DO NOT EDIT THIS FILE DIRECTLY.
# yarn lockfile v1


"@algolia/client-abtesting@5.2.5":
  version "5.2.5"
  resolved "https://registry.yarnpkg.com/@algolia/client-abtesting/-/client-abtesting-5.2.5.tgz#cee7112b5d483c4be61caeec3230fc9930e25db8"
  integrity sha512-9cTeOOGaw1IY1GeFbPDwHlL/GiNuSUmZWKLoQkovQ4mgP/6qAU03kKgYO/fXLTb4YFpt4VrCfJRyZD0a0XTqlQ==
  dependencies:
    "@algolia/client-common" "5.2.5"
    "@algolia/requester-browser-xhr" "5.2.5"
    "@algolia/requester-node-http" "5.2.5"

"@algolia/client-analytics@5.2.5":
  version "5.2.5"
  resolved "https://registry.yarnpkg.com/@algolia/client-analytics/-/client-analytics-5.2.5.tgz#70541695004e4b67c08772f3f04f4412b23ef43b"
  integrity sha512-2rFMISyJj7BBdtrMMdFD0OVhiIaLwcdxJj7r24did9Ai3ffXQZr5kbPvnhCFoGhKu1pMDeZHRsjow+nl+OjhAw==
  dependencies:
    "@algolia/client-common" "5.2.5"
    "@algolia/requester-browser-xhr" "5.2.5"
    "@algolia/requester-node-http" "5.2.5"

"@algolia/client-common@5.2.5":
  version "5.2.5"
  resolved "https://registry.yarnpkg.com/@algolia/client-common/-/client-common-5.2.5.tgz#a58317fdcf22efc9304918bd15682ca3bc4fadaf"
  integrity sha512-ITE85veJWwClnoNyv7Zydh9U0eKA82cDy8pLw+2hzL+zlzFIvV68ihGOEQ/kXt8N4v+R4MFzvsxnIpMruQzEug==

"@algolia/client-personalization@5.2.5":
  version "5.2.5"
  resolved "https://registry.yarnpkg.com/@algolia/client-personalization/-/client-personalization-5.2.5.tgz#6d8e32b0f75177a5429d63512ca96ce71601b618"
  integrity sha512-QcAprWgmO7XUfyJWA6r+Bkqc+n74H9oVewa044UmRXEnfgNTXZa59KA6wBpqRqqK1lfj/pbk1CuVHaG27jJOCA==
  dependencies:
    "@algolia/client-common" "5.2.5"
    "@algolia/requester-browser-xhr" "5.2.5"
    "@algolia/requester-node-http" "5.2.5"

"@algolia/client-search@5.2.5":
  version "5.2.5"
  resolved "https://registry.yarnpkg.com/@algolia/client-search/-/client-search-5.2.5.tgz#d0c0c5b4042ca314b409bd9cb3d3aa92b8d752f7"
  integrity sha512-OVDLzm5BEUbJmjfMm7b0Xx8vkK+NyEh7whPHuap2qy0x7RxQDLMXjiKsBbt1WNq+9nfX6+M/f2t0CJ8ENVuyYQ==
  dependencies:
    "@algolia/client-common" "5.2.5"
    "@algolia/requester-browser-xhr" "5.2.5"
    "@algolia/requester-node-http" "5.2.5"

"@algolia/events@^4.0.1":
  version "4.0.1"
  resolved "https://registry.yarnpkg.com/@algolia/events/-/events-4.0.1.tgz#fd39e7477e7bc703d7f893b556f676c032af3950"
  integrity sha512-FQzvOCgoFXAbf5Y6mYozw2aj5KCJoA3m4heImceldzPSMbdyS4atVjJzXKMsfX3wnZTFYwkkt8/z8UesLHlSBQ==

"@algolia/recommend@5.2.5":
  version "5.2.5"
  resolved "https://registry.yarnpkg.com/@algolia/recommend/-/recommend-5.2.5.tgz#c5d09f5f6e1cbd89d0becf7ab2ba0e6b7ee494ff"
  integrity sha512-txceAPW8PLRfO+8vy0yQVlh+IIggsZWnghW30u+xzMS+t7wAKvfT7IeTl9kgTveOl66bJKBAnqpdgT+rqP/Y1g==
  dependencies:
    "@algolia/client-common" "5.2.5"
    "@algolia/requester-browser-xhr" "5.2.5"
    "@algolia/requester-node-http" "5.2.5"

"@algolia/requester-browser-xhr@5.2.5":
  version "5.2.5"
  resolved "https://registry.yarnpkg.com/@algolia/requester-browser-xhr/-/requester-browser-xhr-5.2.5.tgz#197e7a988312b4be8716e823a265e1abcd71ff50"
  integrity sha512-Ri73PphNy1ceig94xJW9bPdN7uIYFAjpsABpp2Fsun4DmeZD5a4rMCNwwOXXsbC8h+lUzW34zpUf+h4Nk+eaqA==
  dependencies:
    "@algolia/client-common" "5.2.5"

"@algolia/requester-node-http@5.2.5":
  version "5.2.5"
  resolved "https://registry.yarnpkg.com/@algolia/requester-node-http/-/requester-node-http-5.2.5.tgz#fc6fc5096be7a8255217c04ebd17e168c304eda2"
  integrity sha512-/tTdEuWcWHSe/mGMomWkuaFDoRcpfl/jvGISVTPRq3pJvM1FPAzxlh2MXge6C30aUS9bxh3V0aWwgKFCilzyMQ==
  dependencies:
    "@algolia/client-common" "5.2.5"

"algoliasearch-v5@npm:algoliasearch@5.2.5", algoliasearch@5.2.5:
  version "5.2.5"
  resolved "https://registry.yarnpkg.com/algoliasearch/-/algoliasearch-5.2.5.tgz#2692431c02fcdfc15667b5655a1b73784e90120a"
  integrity sha512-9MpULI7o+ICN3XX0vqMf+6DJhQ0wLW+np920LOGtsCX7UGiJMdSjZXzahN+S7tBk/PnVw0U0rA2lJu0Vq3xknQ==
  dependencies:
    "@algolia/client-abtesting" "5.2.5"
    "@algolia/client-analytics" "5.2.5"
    "@algolia/client-common" "5.2.5"
    "@algolia/client-personalization" "5.2.5"
    "@algolia/client-search" "5.2.5"
    "@algolia/recommend" "5.2.5"
    "@algolia/requester-browser-xhr" "5.2.5"
    "@algolia/requester-node-http" "5.2.5"
