# THIS IS AN AUTOGENERATED FILE. DO NOT EDIT THIS FILE DIRECTLY.
# yarn lockfile v1


"@algolia/client-abtesting@5.4.1":
  version "5.4.1"
  resolved "https://registry.yarnpkg.com/@algolia/client-abtesting/-/client-abtesting-5.4.1.tgz#576a5bd7e07d374975ed813529f2ed31bf5549a9"
  integrity sha512-wJQDAqGPnvKxBnE3IZ9hKaYAumlGN3zAcAXQiFdvDDj5EXwwNrdLDjmvzt+e/QGPgYPqSIjCeiQMqDHevBmMLA==
  dependencies:
    "@algolia/client-common" "5.4.1"
    "@algolia/requester-browser-xhr" "5.4.1"
    "@algolia/requester-fetch" "5.4.1"
    "@algolia/requester-node-http" "5.4.1"

"@algolia/client-analytics@5.4.1":
  version "5.4.1"
  resolved "https://registry.yarnpkg.com/@algolia/client-analytics/-/client-analytics-5.4.1.tgz#11a43e356515dde731d9e9b144abff8cda9a0b61"
  integrity sha512-u8jb5wvfDDOQj/u/qOacd+1GJjSjazFUtGBMFJ8SAlKmU0u/GL+sMrEC0fz0RmPqP/ivZ25qcyCk1n8CpSQGwg==
  dependencies:
    "@algolia/client-common" "5.4.1"
    "@algolia/requester-browser-xhr" "5.4.1"
    "@algolia/requester-fetch" "5.4.1"
    "@algolia/requester-node-http" "5.4.1"

"@algolia/client-common@5.4.1":
  version "5.4.1"
  resolved "https://registry.yarnpkg.com/@algolia/client-common/-/client-common-5.4.1.tgz#e207a7e84d8bb2f1d59ebef47a16285288c13f2d"
  integrity sha512-IffPD+CETiR8YJMVC1lcjnhETLpJ2L0ORZCbbRvwo/S11D1j/keR7AqKVMn4TseRJCfjmBFOcFrC+m4sXjyQWA==

"@algolia/client-personalization@5.4.1":
  version "5.4.1"
  resolved "https://registry.yarnpkg.com/@algolia/client-personalization/-/client-personalization-5.4.1.tgz#f311e9c3bd404bab62b92c5f4a56972d4f27a155"
  integrity sha512-WqxZRlOBcsJlxO6I0abnGkA1Grjcw0rEs4hEu0SZb+GL9lUsZnIVGNAn5h2GLaMx6kR48W8Ep4xU10jP0NNvKA==
  dependencies:
    "@algolia/client-common" "5.4.1"
    "@algolia/requester-browser-xhr" "5.4.1"
    "@algolia/requester-fetch" "5.4.1"
    "@algolia/requester-node-http" "5.4.1"

"@algolia/client-search@5.4.1":
  version "5.4.1"
  resolved "https://registry.yarnpkg.com/@algolia/client-search/-/client-search-5.4.1.tgz#9e914e27b737baa32795b9f678a0e992ee186f17"
  integrity sha512-nCgWY2p0tZgBqJKmA5E6B3VW+7uqxi1Orf88zNWOihJBRFeOV932pzG4vGrX9l0+p0o/vJabYxuomO35rEt5dw==
  dependencies:
    "@algolia/client-common" "5.4.1"
    "@algolia/requester-browser-xhr" "5.4.1"
    "@algolia/requester-fetch" "5.4.1"
    "@algolia/requester-node-http" "5.4.1"

"@algolia/events@^4.0.1":
  version "4.0.1"
  resolved "https://registry.yarnpkg.com/@algolia/events/-/events-4.0.1.tgz#fd39e7477e7bc703d7f893b556f676c032af3950"
  integrity sha512-FQzvOCgoFXAbf5Y6mYozw2aj5KCJoA3m4heImceldzPSMbdyS4atVjJzXKMsfX3wnZTFYwkkt8/z8UesLHlSBQ==

"@algolia/recommend@5.4.1":
  version "5.4.1"
  resolved "https://registry.yarnpkg.com/@algolia/recommend/-/recommend-5.4.1.tgz#13ab5688178012cf5c1ef165a6861b498807d25d"
  integrity sha512-OgXki3OHFthEVrsv8GtKNxqQw7ww4u2m0iXl+9a/E+FhTD0iJcS2rACrYB8y6/HRTFQMqML509M0I1B/dXy6ig==
  dependencies:
    "@algolia/client-common" "5.4.1"
    "@algolia/requester-browser-xhr" "5.4.1"
    "@algolia/requester-fetch" "5.4.1"
    "@algolia/requester-node-http" "5.4.1"

"@algolia/requester-browser-xhr@5.4.1":
  version "5.4.1"
  resolved "https://registry.yarnpkg.com/@algolia/requester-browser-xhr/-/requester-browser-xhr-5.4.1.tgz#1321fdd72e88e7a4d0e73995927c87e99be2783c"
  integrity sha512-J6+YfU+maR0nIbsYRHoq0UpneilX97hrZzPuuvSoBojQmPo8PeCXKGeT/F0D8uFI6G4CMTKEPGmQYrC9IpCbcQ==
  dependencies:
    "@algolia/client-common" "5.4.1"

"@algolia/requester-fetch@5.4.1":
  version "5.4.1"
  resolved "https://registry.yarnpkg.com/@algolia/requester-fetch/-/requester-fetch-5.4.1.tgz#11b7f221b92ac9463c97477336521d37bc23da43"
  integrity sha512-AO/C1pqqpIS8p2IsfM5x92S+UBKkcIen5dHfMEh1rnV0ArWDreeqrtxMD2A+6AjQVwYeZNy56w7o7PVIm6mc8g==
  dependencies:
    "@algolia/client-common" "5.4.1"

"@algolia/requester-node-http@5.4.1":
  version "5.4.1"
  resolved "https://registry.yarnpkg.com/@algolia/requester-node-http/-/requester-node-http-5.4.1.tgz#69e6e4e5af5dc843487cc114cc343cc309c61858"
  integrity sha512-2Y3vffc91egwFxz0SjXFEH4q8nvlNJHcz+0//NaWItRU68AvD+3aI/j66STPjkLQOC0Ku6ckA9ChhbOVfrv+Uw==
  dependencies:
    "@algolia/client-common" "5.4.1"

"algoliasearch-v5@npm:algoliasearch@5.4.1", algoliasearch@5.4.1:
  version "5.4.1"
  resolved "https://registry.yarnpkg.com/algoliasearch/-/algoliasearch-5.4.1.tgz#08efa4e4c5680e9cd7e866ba824e404f85d9112b"
  integrity sha512-8LpK9JOiZQMUVXGrvieMhgG9rhNXD5TTycBCXMV/KShHFPklMkeHVo+HmFOH3lnQFi74M0Qhs/RXu+dfomCMWQ==
  dependencies:
    "@algolia/client-abtesting" "5.4.1"
    "@algolia/client-analytics" "5.4.1"
    "@algolia/client-common" "5.4.1"
    "@algolia/client-personalization" "5.4.1"
    "@algolia/client-search" "5.4.1"
    "@algolia/recommend" "5.4.1"
    "@algolia/requester-browser-xhr" "5.4.1"
    "@algolia/requester-fetch" "5.4.1"
    "@algolia/requester-node-http" "5.4.1"
