# THIS IS AN AUTOGENERATED FILE. DO NOT EDIT THIS FILE DIRECTLY.
# yarn lockfile v1


"@algolia/client-abtesting@5.1.1":
  version "5.1.1"
  resolved "https://registry.yarnpkg.com/@algolia/client-abtesting/-/client-abtesting-5.1.1.tgz#a4a076d6c1be169c917d25394a263fd84110778e"
  integrity sha512-Zz4c1VSwBKu1qD44/9zYd7OjcwsfiPJkqKArYcQuJJihHUwodfnmf4Agi29M07exa8dySo9SHYcWKRxrpkKRiA==
  dependencies:
    "@algolia/client-common" "5.1.1"
    "@algolia/requester-browser-xhr" "5.1.1"
    "@algolia/requester-node-http" "5.1.1"

"@algolia/client-analytics@5.1.1":
  version "5.1.1"
  resolved "https://registry.yarnpkg.com/@algolia/client-analytics/-/client-analytics-5.1.1.tgz#1215e471bb34d6c51d62a65c781c8c4ced509c63"
  integrity sha512-0IjlWzzUtIHaoxqlHPUHCPzQQdzhUXThLHUlexeSMZSqqibmC5Ku6Hz3LFMBDGxoCC6L+qWgyd2x6aE9XupaNA==
  dependencies:
    "@algolia/client-common" "5.1.1"
    "@algolia/requester-browser-xhr" "5.1.1"
    "@algolia/requester-node-http" "5.1.1"

"@algolia/client-common@5.1.1":
  version "5.1.1"
  resolved "https://registry.yarnpkg.com/@algolia/client-common/-/client-common-5.1.1.tgz#adbe7d7ebab1d316c35f6750543cd26c14942a5f"
  integrity sha512-jkQNQbGY+XQB3Eln7wqqdUZKBzG8lETcsaUk5gcMc6iIwyN/qW0v0fhpKPH+Kli+BImLxo0CWk12CvVvx2exWA==

"@algolia/client-personalization@5.1.1":
  version "5.1.1"
  resolved "https://registry.yarnpkg.com/@algolia/client-personalization/-/client-personalization-5.1.1.tgz#cbb6a4a8880ad8dedf76845701212448501d55b4"
  integrity sha512-Cf20l5ZyHkm7I+DnQ3d1rbgUMkx4GcLhN4AGBfN/MDhSQNG7mORCc4RKRvg62vG95NAElbfx1JcnAuLLucQ3Rw==
  dependencies:
    "@algolia/client-common" "5.1.1"
    "@algolia/requester-browser-xhr" "5.1.1"
    "@algolia/requester-node-http" "5.1.1"

"@algolia/client-search@5.1.1":
  version "5.1.1"
  resolved "https://registry.yarnpkg.com/@algolia/client-search/-/client-search-5.1.1.tgz#7fb563b23f65110de12cf35429b874526588e17c"
  integrity sha512-SFpb3FI/VouGou/vpuS7qeCA5Y/KpV42P6CEA/1MZQtl/xJkl6PVjikb+Q9YadeHi2jtDV/aQ6PyiVDnX4PQcw==
  dependencies:
    "@algolia/client-common" "5.1.1"
    "@algolia/requester-browser-xhr" "5.1.1"
    "@algolia/requester-node-http" "5.1.1"

"@algolia/events@^4.0.1":
  version "4.0.1"
  resolved "https://registry.yarnpkg.com/@algolia/events/-/events-4.0.1.tgz#fd39e7477e7bc703d7f893b556f676c032af3950"
  integrity sha512-FQzvOCgoFXAbf5Y6mYozw2aj5KCJoA3m4heImceldzPSMbdyS4atVjJzXKMsfX3wnZTFYwkkt8/z8UesLHlSBQ==

"@algolia/recommend@5.1.1":
  version "5.1.1"
  resolved "https://registry.yarnpkg.com/@algolia/recommend/-/recommend-5.1.1.tgz#10a67807e7a68bdf4eb7dc350c6a7bfb5603d2eb"
  integrity sha512-ebtbWTXBSaeg7DarDU3IXjbJgcVM6mtoHeK/VvMka+KAaJXoVsMfD402qs4cN0gaw0bAy3dNUmXkV0nNi1kq4g==
  dependencies:
    "@algolia/client-common" "5.1.1"
    "@algolia/requester-browser-xhr" "5.1.1"
    "@algolia/requester-node-http" "5.1.1"

"@algolia/requester-browser-xhr@5.1.1":
  version "5.1.1"
  resolved "https://registry.yarnpkg.com/@algolia/requester-browser-xhr/-/requester-browser-xhr-5.1.1.tgz#ccb18f07d6c21949b3d599708412c50248e0d5f9"
  integrity sha512-NXmN1ujJCj5GlJQaMK6DbdiXdcf6nhRef/X40lu9TYi71q9xTo/5RPMI0K2iOp6g07S26BrXFOz6RSV3Ny4LLw==
  dependencies:
    "@algolia/client-common" "5.1.1"

"@algolia/requester-node-http@5.1.1":
  version "5.1.1"
  resolved "https://registry.yarnpkg.com/@algolia/requester-node-http/-/requester-node-http-5.1.1.tgz#784ce35857a03e994f504d2feabd31c60d6ee5e0"
  integrity sha512-xwrgnNTIzgxDEx6zuCKSKTPzQLA8fL/WZiVB6fRpIu5agLMjoAi0cWA5YSDbo+2FFxqVgLqKY/Jz6mKmWtY15Q==
  dependencies:
    "@algolia/client-common" "5.1.1"

"algoliasearch-v5@npm:algoliasearch@5.1.1", algoliasearch@5.1.1:
  version "5.1.1"
  resolved "https://registry.yarnpkg.com/algoliasearch/-/algoliasearch-5.1.1.tgz#48ac9f0501e746ac1544cbef7192d7efe36b39dd"
  integrity sha512-Bmi456esf2+/nY1w3Xa2etGjQPOBw+RPtfdKRN33mWJ4hNs9cug/F4w9KAb0wiYqDjW1fduXYwu6+YKLHFMMew==
  dependencies:
    "@algolia/client-abtesting" "5.1.1"
    "@algolia/client-analytics" "5.1.1"
    "@algolia/client-common" "5.1.1"
    "@algolia/client-personalization" "5.1.1"
    "@algolia/client-search" "5.1.1"
    "@algolia/recommend" "5.1.1"
    "@algolia/requester-browser-xhr" "5.1.1"
    "@algolia/requester-node-http" "5.1.1"
