{
  "name": "instantsearch.js",
  "version": "0.4.1",
  "dependencies": {
    "algoliasearch": {
      "version": "3.8.1",
      "from": "algoliasearch@>=3.8.0 <4.0.0",
      "resolved": "https://registry.npmjs.org/algoliasearch/-/algoliasearch-3.8.1.tgz",
      "dependencies": {
        "agentkeepalive": {
          "version": "2.0.3",
          "from": "agentkeepalive@>=2.0.3 <3.0.0",
          "resolved": "https://registry.npmjs.org/agentkeepalive/-/agentkeepalive-2.0.3.tgz"
        },
        "debug": {
          "version": "2.2.0",
          "from": "debug@>=2.2.0 <3.0.0",
          "resolved": "https://registry.npmjs.org/debug/-/debug-2.2.0.tgz",
          "dependencies": {
            "ms": {
              "version": "0.7.1",
              "from": "ms@0.7.1",
              "resolved": "https://registry.npmjs.org/ms/-/ms-0.7.1.tgz"
            }
          }
        },
        "debug-ms-fix-yui-compressor": {
          "version": "2.2.2-future-reserved-word-fix-ms",
          "from": "debug-ms-fix-yui-compressor@2.2.2-future-reserved-word-fix-ms",
          "resolved": "https://registry.npmjs.org/debug-ms-fix-yui-compressor/-/debug-ms-fix-yui-compressor-2.2.2-future-reserved-word-fix-ms.tgz",
          "dependencies": {
            "algolia-ms": {
              "version": "0.7.1-fix-future-reserved-words",
              "from": "algolia-ms@0.7.1-fix-future-reserved-words",
              "resolved": "https://registry.npmjs.org/algolia-ms/-/algolia-ms-0.7.1-fix-future-reserved-words.tgz"
            }
          }
        },
        "envify": {
          "version": "3.4.0",
          "from": "envify@>=3.4.0 <4.0.0",
          "resolved": "https://registry.npmjs.org/envify/-/envify-3.4.0.tgz",
          "dependencies": {
            "through": {
              "version": "2.3.8",
              "from": "through@>=2.3.4 <2.4.0",
              "resolved": "https://registry.npmjs.org/through/-/through-2.3.8.tgz"
            },
            "jstransform": {
              "version": "10.1.0",
              "from": "jstransform@>=10.0.1 <11.0.0",
              "resolved": "https://registry.npmjs.org/jstransform/-/jstransform-10.1.0.tgz",
              "dependencies": {
                "base62": {
                  "version": "0.1.1",
                  "from": "base62@0.1.1",
                  "resolved": "https://registry.npmjs.org/base62/-/base62-0.1.1.tgz"
                },
                "esprima-fb": {
                  "version": "13001.1001.0-dev-harmony-fb",
                  "from": "esprima-fb@13001.1001.0-dev-harmony-fb",
                  "resolved": "https://registry.npmjs.org/esprima-fb/-/esprima-fb-13001.1001.0-dev-harmony-fb.tgz"
                },
                "source-map": {
                  "version": "0.1.31",
                  "from": "source-map@0.1.31",
                  "resolved": "https://registry.npmjs.org/source-map/-/source-map-0.1.31.tgz",
                  "dependencies": {
                    "amdefine": {
                      "version": "1.0.0",
                      "from": "amdefine@>=0.0.4",
                      "resolved": "https://registry.npmjs.org/amdefine/-/amdefine-1.0.0.tgz"
                    }
                  }
                }
              }
            }
          }
        },
        "es6-promise": {
          "version": "3.0.2",
          "from": "es6-promise@>=3.0.2 <4.0.0",
          "resolved": "https://registry.npmjs.org/es6-promise/-/es6-promise-3.0.2.tgz"
        },
        "inherits": {
          "version": "2.0.1",
          "from": "inherits@>=2.0.1 <3.0.0",
          "resolved": "https://registry.npmjs.org/inherits/-/inherits-2.0.1.tgz"
        },
        "load-script": {
          "version": "1.0.0",
          "from": "load-script@>=1.0.0 <2.0.0",
          "resolved": "https://registry.npmjs.org/load-script/-/load-script-1.0.0.tgz"
        },
        "lodash-compat": {
          "version": "3.10.1",
          "from": "lodash-compat@>=3.10.1 <4.0.0",
          "resolved": "https://registry.npmjs.org/lodash-compat/-/lodash-compat-3.10.1.tgz"
        },
        "tunnel-agent": {
          "version": "0.4.1",
          "from": "tunnel-agent@>=0.4.1 <0.5.0",
          "resolved": "https://registry.npmjs.org/tunnel-agent/-/tunnel-agent-0.4.1.tgz"
        }
      }
    },
    "algoliasearch-helper": {
      "version": "2.4.0",
      "from": "algoliasearch-helper@>=2.4.0 <3.0.0",
      "dependencies": {
        "lodash-compat": {
          "version": "3.10.1",
          "from": "lodash-compat@>=3.10.1 <4.0.0",
          "resolved": "https://registry.npmjs.org/lodash-compat/-/lodash-compat-3.10.1.tgz"
        },
        "qs": {
          "version": "5.1.0",
          "from": "qs@5.1.0",
          "resolved": "https://registry.npmjs.org/qs/-/qs-5.1.0.tgz"
        }
      }
    },
    "classnames": {
      "version": "2.1.3",
      "from": "classnames@>=2.1.3 <3.0.0",
      "resolved": "https://registry.npmjs.org/classnames/-/classnames-2.1.3.tgz"
    },
    "hogan.js": {
      "version": "3.0.2",
      "from": "hogan.js@>=3.0.2 <4.0.0",
      "resolved": "https://registry.npmjs.org/hogan.js/-/hogan.js-3.0.2.tgz",
      "dependencies": {
        "nopt": {
          "version": "1.0.10",
          "from": "nopt@1.0.10",
          "resolved": "https://registry.npmjs.org/nopt/-/nopt-1.0.10.tgz",
          "dependencies": {
            "abbrev": {
              "version": "1.0.7",
              "from": "abbrev@>=1.0.0 <2.0.0",
              "resolved": "https://registry.npmjs.org/abbrev/-/abbrev-1.0.7.tgz"
            }
          }
        },
        "mkdirp": {
          "version": "0.3.0",
          "from": "mkdirp@0.3.0",
          "resolved": "https://registry.npmjs.org/mkdirp/-/mkdirp-0.3.0.tgz"
        }
      }
    },
    "lodash": {
      "version": "3.10.1",
      "from": "lodash@>=3.10.1 <4.0.0",
      "resolved": "https://registry.npmjs.org/lodash/-/lodash-3.10.1.tgz"
    },
    "react": {
      "version": "0.13.3",
      "from": "react@>=0.13.3 <0.14.0",
      "resolved": "https://registry.npmjs.org/react/-/react-0.13.3.tgz",
      "dependencies": {
        "envify": {
          "version": "3.4.0",
          "from": "envify@>=3.0.0 <4.0.0",
          "resolved": "https://registry.npmjs.org/envify/-/envify-3.4.0.tgz",
          "dependencies": {
            "through": {
              "version": "2.3.8",
              "from": "through@>=2.3.4 <2.4.0",
              "resolved": "https://registry.npmjs.org/through/-/through-2.3.8.tgz"
            },
            "jstransform": {
              "version": "10.1.0",
              "from": "jstransform@>=10.0.1 <11.0.0",
              "resolved": "https://registry.npmjs.org/jstransform/-/jstransform-10.1.0.tgz",
              "dependencies": {
                "base62": {
                  "version": "0.1.1",
                  "from": "base62@0.1.1",
                  "resolved": "https://registry.npmjs.org/base62/-/base62-0.1.1.tgz"
                },
                "esprima-fb": {
                  "version": "13001.1001.0-dev-harmony-fb",
                  "from": "esprima-fb@13001.1001.0-dev-harmony-fb",
                  "resolved": "https://registry.npmjs.org/esprima-fb/-/esprima-fb-13001.1001.0-dev-harmony-fb.tgz"
                },
                "source-map": {
                  "version": "0.1.31",
                  "from": "source-map@0.1.31",
                  "resolved": "https://registry.npmjs.org/source-map/-/source-map-0.1.31.tgz",
                  "dependencies": {
                    "amdefine": {
                      "version": "1.0.0",
                      "from": "amdefine@>=0.0.4",
                      "resolved": "https://registry.npmjs.org/amdefine/-/amdefine-1.0.0.tgz"
                    }
                  }
                }
              }
            }
          }
        }
      }
    },
    "react-nouislider": {
      "version": "1.2.1",
      "from": "react-nouislider@1.2.1",
      "resolved": "https://registry.npmjs.org/react-nouislider/-/react-nouislider-1.2.1.tgz",
      "dependencies": {
        "nouislider": {
          "version": "8.0.2",
          "from": "algolia/noUiSlider#fad95f6340990748c2b4d2abbc6ec84bc00eea2f",
          "resolved": "git://github.com/algolia/noUiSlider.git#fad95f6340990748c2b4d2abbc6ec84bc00eea2f"
        }
      }
    },
    "to-factory": {
      "version": "1.0.0",
      "from": "to-factory@>=1.0.0 <2.0.0",
      "resolved": "https://registry.npmjs.org/to-factory/-/to-factory-1.0.0.tgz"
    }
  }
}
