# THIS IS AN AUTOGENERATED FILE. DO NOT EDIT THIS FILE DIRECTLY.
# yarn lockfile v1


"@algolia/cache-browser-local-storage@4.23.2":
  version "4.23.2"
  resolved "https://registry.yarnpkg.com/@algolia/cache-browser-local-storage/-/cache-browser-local-storage-4.23.2.tgz#060d15e89588fcac18e73643201fce0f4f7d5ca0"
  integrity sha512-PvRQdCmtiU22dw9ZcTJkrVKgNBVAxKgD0/cfiqyxhA5+PHzA2WDt6jOmZ9QASkeM2BpyzClJb/Wr1yt2/t78Kw==
  dependencies:
    "@algolia/cache-common" "4.23.2"

"@algolia/cache-common@4.23.2":
  version "4.23.2"
  resolved "https://registry.yarnpkg.com/@algolia/cache-common/-/cache-common-4.23.2.tgz#c68706ce34b18377e56e71ac13cce2dd5662dcee"
  integrity sha512-OUK/6mqr6CQWxzl/QY0/mwhlGvS6fMtvEPyn/7AHUx96NjqDA4X4+Ju7aXFQKh+m3jW9VPB0B9xvEQgyAnRPNw==

"@algolia/cache-in-memory@4.23.2":
  version "4.23.2"
  resolved "https://registry.yarnpkg.com/@algolia/cache-in-memory/-/cache-in-memory-4.23.2.tgz#94cd828275d7a12186959bf1b95a13247e103b23"
  integrity sha512-rfbi/SnhEa3MmlqQvgYz/9NNJ156NkU6xFxjbxBtLWnHbpj+qnlMoKd+amoiacHRITpajg6zYbLM9dnaD3Bczw==
  dependencies:
    "@algolia/cache-common" "4.23.2"

"@algolia/client-account@4.23.2":
  version "4.23.2"
  resolved "https://registry.yarnpkg.com/@algolia/client-account/-/client-account-4.23.2.tgz#b53cb14e730fd8e0a0a227cf650b287b570a08bc"
  integrity sha512-VbrOCLIN/5I7iIdskSoSw3uOUPF516k4SjDD4Qz3BFwa3of7D9A0lzBMAvQEJJEPHWdVraBJlGgdJq/ttmquJQ==
  dependencies:
    "@algolia/client-common" "4.23.2"
    "@algolia/client-search" "4.23.2"
    "@algolia/transporter" "4.23.2"

"@algolia/client-analytics@4.23.2":
  version "4.23.2"
  resolved "https://registry.yarnpkg.com/@algolia/client-analytics/-/client-analytics-4.23.2.tgz#7fdcf1cb27f0ae93e5da6beb4e612fc06a880b0c"
  integrity sha512-lLj7irsAztGhMoEx/SwKd1cwLY6Daf1Q5f2AOsZacpppSvuFvuBrmkzT7pap1OD/OePjLKxicJS8wNA0+zKtuw==
  dependencies:
    "@algolia/client-common" "4.23.2"
    "@algolia/client-search" "4.23.2"
    "@algolia/requester-common" "4.23.2"
    "@algolia/transporter" "4.23.2"

"@algolia/client-common@4.23.2":
  version "4.23.2"
  resolved "https://registry.yarnpkg.com/@algolia/client-common/-/client-common-4.23.2.tgz#e5f86fc2de707eb6bf9f1109b70187dae179c72c"
  integrity sha512-Q2K1FRJBern8kIfZ0EqPvUr3V29ICxCm/q42zInV+VJRjldAD9oTsMGwqUQ26GFMdFYmqkEfCbY4VGAiQhh22g==
  dependencies:
    "@algolia/requester-common" "4.23.2"
    "@algolia/transporter" "4.23.2"

"@algolia/client-personalization@4.23.2":
  version "4.23.2"
  resolved "https://registry.yarnpkg.com/@algolia/client-personalization/-/client-personalization-4.23.2.tgz#0472d9c207402eefcc9c98f7ffba5d26fe8e2fd0"
  integrity sha512-vwPsgnCGhUcHhhQG5IM27z8q7dWrN9itjdvgA6uKf2e9r7vB+WXt4OocK0CeoYQt3OGEAExryzsB8DWqdMK5wg==
  dependencies:
    "@algolia/client-common" "4.23.2"
    "@algolia/requester-common" "4.23.2"
    "@algolia/transporter" "4.23.2"

"@algolia/client-search@4.23.2":
  version "4.23.2"
  resolved "https://registry.yarnpkg.com/@algolia/client-search/-/client-search-4.23.2.tgz#9b2741f0a209596459f06a44583118207ea287f7"
  integrity sha512-CxSB29OVGSE7l/iyoHvamMonzq7Ev8lnk/OkzleODZ1iBcCs3JC/XgTIKzN/4RSTrJ9QybsnlrN/bYCGufo7qw==
  dependencies:
    "@algolia/client-common" "4.23.2"
    "@algolia/requester-common" "4.23.2"
    "@algolia/transporter" "4.23.2"

"@algolia/events@^4.0.1":
  version "4.0.1"
  resolved "https://registry.yarnpkg.com/@algolia/events/-/events-4.0.1.tgz#fd39e7477e7bc703d7f893b556f676c032af3950"
  integrity sha512-FQzvOCgoFXAbf5Y6mYozw2aj5KCJoA3m4heImceldzPSMbdyS4atVjJzXKMsfX3wnZTFYwkkt8/z8UesLHlSBQ==

"@algolia/logger-common@4.23.2":
  version "4.23.2"
  resolved "https://registry.yarnpkg.com/@algolia/logger-common/-/logger-common-4.23.2.tgz#5441a828f0fad1ceaae3a27caec7b663d40dd27f"
  integrity sha512-jGM49Q7626cXZ7qRAWXn0jDlzvoA1FvN4rKTi1g0hxKsTTSReyYk0i1ADWjChDPl3Q+nSDhJuosM2bBUAay7xw==

"@algolia/logger-console@4.23.2":
  version "4.23.2"
  resolved "https://registry.yarnpkg.com/@algolia/logger-console/-/logger-console-4.23.2.tgz#fda4252bb02df7c52a92c63f1e357bf7370cc8db"
  integrity sha512-oo+lnxxEmlhTBTFZ3fGz1O8PJ+G+8FiAoMY2Qo3Q4w23xocQev6KqDTA1JQAGPDxAewNA2VBwWOsVXeXFjrI/Q==
  dependencies:
    "@algolia/logger-common" "4.23.2"

"@algolia/recommend@4.23.2":
  version "4.23.2"
  resolved "https://registry.yarnpkg.com/@algolia/recommend/-/recommend-4.23.2.tgz#02bf57f836ced2c850633239d493a0414be76a7f"
  integrity sha512-Q75CjnzRCDzgIlgWfPnkLtrfF4t82JCirhalXkSSwe/c1GH5pWh4xUyDOR3KTMo+YxxX3zTlrL/FjHmUJEWEcg==
  dependencies:
    "@algolia/cache-browser-local-storage" "4.23.2"
    "@algolia/cache-common" "4.23.2"
    "@algolia/cache-in-memory" "4.23.2"
    "@algolia/client-common" "4.23.2"
    "@algolia/client-search" "4.23.2"
    "@algolia/logger-common" "4.23.2"
    "@algolia/logger-console" "4.23.2"
    "@algolia/requester-browser-xhr" "4.23.2"
    "@algolia/requester-common" "4.23.2"
    "@algolia/requester-node-http" "4.23.2"
    "@algolia/transporter" "4.23.2"

"@algolia/requester-browser-xhr@4.23.2":
  version "4.23.2"
  resolved "https://registry.yarnpkg.com/@algolia/requester-browser-xhr/-/requester-browser-xhr-4.23.2.tgz#2d0a6b642e2a2bbfb2e2ff3d1e82158e3e143def"
  integrity sha512-TO9wLlp8+rvW9LnIfyHsu8mNAMYrqNdQ0oLF6eTWFxXfxG3k8F/Bh7nFYGk2rFAYty4Fw4XUtrv/YjeNDtM5og==
  dependencies:
    "@algolia/requester-common" "4.23.2"

"@algolia/requester-common@4.23.2":
  version "4.23.2"
  resolved "https://registry.yarnpkg.com/@algolia/requester-common/-/requester-common-4.23.2.tgz#9c2e5da4dc15e65f9b9bbe5bedb419cf23092ef1"
  integrity sha512-3EfpBS0Hri0lGDB5H/BocLt7Vkop0bTTLVUBB844HH6tVycwShmsV6bDR7yXbQvFP1uNpgePRD3cdBCjeHmk6Q==

"@algolia/requester-node-http@4.23.2":
  version "4.23.2"
  resolved "https://registry.yarnpkg.com/@algolia/requester-node-http/-/requester-node-http-4.23.2.tgz#718ae71f58949eab3b5fcfc440be42af41bd640f"
  integrity sha512-SVzgkZM/malo+2SB0NWDXpnT7nO5IZwuDTaaH6SjLeOHcya1o56LSWXk+3F3rNLz2GVH+I/rpYKiqmHhSOjerw==
  dependencies:
    "@algolia/requester-common" "4.23.2"

"@algolia/transporter@4.23.2":
  version "4.23.2"
  resolved "https://registry.yarnpkg.com/@algolia/transporter/-/transporter-4.23.2.tgz#61e7b9288d4f561b2015ddde689ba31e08c21644"
  integrity sha512-GY3aGKBy+8AK4vZh8sfkatDciDVKad5rTY2S10Aefyjh7e7UGBP4zigf42qVXwU8VOPwi7l/L7OACGMOFcjB0Q==
  dependencies:
    "@algolia/cache-common" "4.23.2"
    "@algolia/logger-common" "4.23.2"
    "@algolia/requester-common" "4.23.2"

"algoliasearch-v4@npm:algoliasearch@4.23.2":
  version "4.23.2"
  resolved "https://registry.yarnpkg.com/algoliasearch/-/algoliasearch-4.23.2.tgz#3b7bc93d98f3965628c73a06cbf9203531324a9d"
  integrity sha512-8aCl055IsokLuPU8BzLjwzXjb7ty9TPcUFFOk0pYOwsE5DMVhE3kwCMFtsCFKcnoPZK7oObm+H5mbnSO/9ioxQ==
  dependencies:
    "@algolia/cache-browser-local-storage" "4.23.2"
    "@algolia/cache-common" "4.23.2"
    "@algolia/cache-in-memory" "4.23.2"
    "@algolia/client-account" "4.23.2"
    "@algolia/client-analytics" "4.23.2"
    "@algolia/client-common" "4.23.2"
    "@algolia/client-personalization" "4.23.2"
    "@algolia/client-search" "4.23.2"
    "@algolia/logger-common" "4.23.2"
    "@algolia/logger-console" "4.23.2"
    "@algolia/recommend" "4.23.2"
    "@algolia/requester-browser-xhr" "4.23.2"
    "@algolia/requester-common" "4.23.2"
    "@algolia/requester-node-http" "4.23.2"
    "@algolia/transporter" "4.23.2"
