# THIS IS AN AUTOGENERATED FILE. DO NOT EDIT THIS FILE DIRECTLY.
# yarn lockfile v1


"@algolia/client-abtesting@5.0.0":
  version "5.0.0"
  resolved "https://registry.yarnpkg.com/@algolia/client-abtesting/-/client-abtesting-5.0.0.tgz#c6d5727ee77d8ea0eac0d545a977c19155bb1c29"
  integrity sha512-pVSwJ2QZ9hNeINjSWRQGwN/zAk16E6fOM4VGayIULyiJnaIaRjGT/UfMRiGsIuBFib2zviq83uO8GOnCUBmXnA==
  dependencies:
    "@algolia/client-common" "5.0.0"
    "@algolia/requester-browser-xhr" "5.0.0"
    "@algolia/requester-node-http" "5.0.0"

"@algolia/client-analytics@5.0.0":
  version "5.0.0"
  resolved "https://registry.yarnpkg.com/@algolia/client-analytics/-/client-analytics-5.0.0.tgz#582d165cf6486e441646916635e5c74487ca3226"
  integrity sha512-3A4JyblLorrxkYn6uOWyo7drDi3z7+Yzm45YP1MgOvzOCt0qWlEb6neIFLDe4UrBy24JqmRx54uNMBuYMOscgw==
  dependencies:
    "@algolia/client-common" "5.0.0"
    "@algolia/requester-browser-xhr" "5.0.0"
    "@algolia/requester-node-http" "5.0.0"

"@algolia/client-common@5.0.0":
  version "5.0.0"
  resolved "https://registry.yarnpkg.com/@algolia/client-common/-/client-common-5.0.0.tgz#ff52d29ed81cdafaa38655fc4ee958ca49f20aaf"
  integrity sha512-6N5Qygv/Z/B+rPufnPDLNWgsMf1uubMU7iS52xLcQSLiGlTS4f9eLUrmNXSzHccP33uoFi6xN9craN1sZi5MPQ==

"@algolia/client-personalization@5.0.0":
  version "5.0.0"
  resolved "https://registry.yarnpkg.com/@algolia/client-personalization/-/client-personalization-5.0.0.tgz#a5df3d5fce7a800145deca51cc10e8e9f037e568"
  integrity sha512-Ns9pl+YGl0qZTbMqEKIO54GJqzyrMUmLfPB3/iEEkezKMMHXAsINrOuKTfhA6vyI0vhUJL3imOPo6vmXZBDZsA==
  dependencies:
    "@algolia/client-common" "5.0.0"
    "@algolia/requester-browser-xhr" "5.0.0"
    "@algolia/requester-node-http" "5.0.0"

"@algolia/client-search@5.0.0":
  version "5.0.0"
  resolved "https://registry.yarnpkg.com/@algolia/client-search/-/client-search-5.0.0.tgz#8d58f5daeffe9d19e0e0e9ebcdb5d23525edebe4"
  integrity sha512-QdDYMzoxYZ3axzBy6CHe+M+NlOGvHEFTa2actchGnp25Uu0N6lyVNivT7nph+P1XoxgAD08cWbeJD3wWQXnpng==
  dependencies:
    "@algolia/client-common" "5.0.0"
    "@algolia/requester-browser-xhr" "5.0.0"
    "@algolia/requester-node-http" "5.0.0"

"@algolia/recommend@5.0.0":
  version "5.0.0"
  resolved "https://registry.yarnpkg.com/@algolia/recommend/-/recommend-5.0.0.tgz#df3c63f7de2ddf6658a67308a7a5f4b805c87687"
  integrity sha512-aEXg4RPFIRrJjrtri782W7XFNkarxoN9X42FwYYP1bz15jKu2vrIqzGlQoNCNWuZP7WwYyUAoTtixwLRJq8grQ==
  dependencies:
    "@algolia/client-common" "5.0.0"
    "@algolia/requester-browser-xhr" "5.0.0"
    "@algolia/requester-node-http" "5.0.0"

"@algolia/requester-browser-xhr@5.0.0":
  version "5.0.0"
  resolved "https://registry.yarnpkg.com/@algolia/requester-browser-xhr/-/requester-browser-xhr-5.0.0.tgz#ddce386fd8635d79a1803c44b749289ff690db80"
  integrity sha512-oOoQhSpg/RGiGHjn/cqtYpHBkkd+5M/DCi1jmfW+ZOvLVx21QVt6PbWIJoKJF85moNFo4UG9pMBU35R1MaxUKQ==
  dependencies:
    "@algolia/client-common" "5.0.0"

"@algolia/requester-node-http@5.0.0":
  version "5.0.0"
  resolved "https://registry.yarnpkg.com/@algolia/requester-node-http/-/requester-node-http-5.0.0.tgz#708961cb2c069e5ed3bae83aef144ec8b3300b57"
  integrity sha512-FwCdugzpnW0wxbgWPauAz5vhmWGQnjZa5DCl9PBbIoDNEy/NIV8DmiL9CEA+LljQdDidG0l0ijojcTNaRRtPvQ==
  dependencies:
    "@algolia/client-common" "5.0.0"

"algoliasearch-v5@npm:algoliasearch@5.0.0":
  version "5.0.0"
  resolved "https://registry.yarnpkg.com/algoliasearch/-/algoliasearch-5.0.0.tgz#caa7cb9a5116291763c93f3e7ca0fc284b5784f8"
  integrity sha512-j/RYIyKy7D6Vu/o142+6Gka1lXtu0j/Hj/Mw5oaPpOscOcE4jn29k465pcWYNC34HMxA4W8chiDk9cqw8nszag==
  dependencies:
    "@algolia/client-abtesting" "5.0.0"
    "@algolia/client-analytics" "5.0.0"
    "@algolia/client-common" "5.0.0"
    "@algolia/client-personalization" "5.0.0"
    "@algolia/client-search" "5.0.0"
    "@algolia/recommend" "5.0.0"
    "@algolia/requester-browser-xhr" "5.0.0"
    "@algolia/requester-node-http" "5.0.0"
